
Microsoft Visual Studio Solution File, Format Version 12.00
# Visual Studio Version 16
VisualStudioVersion = 16.0.29123.88
MinimumVisualStudioVersion = 10.0.40219.1
Project("{FAE04EC0-301F-11D3-BF4B-00C04F79EFBC}") = "Banco de Curriculo", "Banco de Curriculo\Banco de Curriculo.csproj", "{39CD6A81-E5CB-465B-A762-216434C12C82}"
EndProject
Global
	GlobalSection(SolutionConfigurationPlatforms) = preSolution
		Debug|Any CPU = Debug|Any CPU
		Release|Any CPU = Release|Any CPU
	EndGlobalSection
	GlobalSection(ProjectConfigurationPlatforms) = postSolution
		{39CD6A81-E5CB-465B-A762-216434C12C82}.Debug|Any CPU.ActiveCfg = Debug|Any CPU
		{39CD6A81-E5CB-465B-A762-216434C12C82}.Debug|Any CPU.Build.0 = Debug|Any CPU
		{39CD6A81-E5CB-465B-A762-216434C12C82}.Release|Any CPU.ActiveCfg = Release|Any CPU
		{39CD6A81-E5CB-465B-A762-216434C12C82}.Release|Any CPU.Build.0 = Release|Any CPU
	EndGlobalSection
	GlobalSection(SolutionProperties) = preSolution
		HideSolutionNode = FALSE
	EndGlobalSection
	GlobalSection(ExtensibilityGlobals) = postSolution
		SolutionGuid = {841C307E-2657-4FE2-BA93-EE1AD3BEA2A1}
	EndGlobalSection
EndGlobal
